
Microsoft Visual Studio Solution File, Format Version 12.00
# Visual Studio Version 17
VisualStudioVersion = 17.4.33122.133
MinimumVisualStudioVersion = 10.0.40219.1
Project("{9A19103F-16F7-4668-BE54-9A1E7A4F7556}") = "Api", "E-Comerece_AngularApi\Api.csproj", "{DE9659EF-5B23-4B60-B707-36DECCB4D013}"
EndProject
Project("{FAE04EC0-301F-11D3-BF4B-00C04F79EFBC}") = "Core", "Core\Core.csproj", "{B9FCAA7A-3599-4036-A3F7-720646C9E581}"
EndProject
Project("{FAE04EC0-301F-11D3-BF4B-00C04F79EFBC}") = "Infrerastructure", "Infrerastructure\Infrerastructure.csproj", "{5F3ADEA5-A88D-4BE6-AFA6-D8BBEDD88EC9}"
EndProject
Global
	GlobalSection(SolutionConfigurationPlatforms) = preSolution
		Debug|Any CPU = Debug|Any CPU
		Release|Any CPU = Release|Any CPU
	EndGlobalSection
	GlobalSection(ProjectConfigurationPlatforms) = postSolution
		{DE9659EF-5B23-4B60-B707-36DECCB4D013}.Debug|Any CPU.ActiveCfg = Debug|Any CPU
		{DE9659EF-5B23-4B60-B707-36DECCB4D013}.Debug|Any CPU.Build.0 = Debug|Any CPU
		{DE9659EF-5B23-4B60-B707-36DECCB4D013}.Release|Any CPU.ActiveCfg = Release|Any CPU
		{DE9659EF-5B23-4B60-B707-36DECCB4D013}.Release|Any CPU.Build.0 = Release|Any CPU
		{B9FCAA7A-3599-4036-A3F7-720646C9E581}.Debug|Any CPU.ActiveCfg = Debug|Any CPU
		{B9FCAA7A-3599-4036-A3F7-720646C9E581}.Debug|Any CPU.Build.0 = Debug|Any CPU
		{B9FCAA7A-3599-4036-A3F7-720646C9E581}.Release|Any CPU.ActiveCfg = Release|Any CPU
		{B9FCAA7A-3599-4036-A3F7-720646C9E581}.Release|Any CPU.Build.0 = Release|Any CPU
		{5F3ADEA5-A88D-4BE6-AFA6-D8BBEDD88EC9}.Debug|Any CPU.ActiveCfg = Debug|Any CPU
		{5F3ADEA5-A88D-4BE6-AFA6-D8BBEDD88EC9}.Debug|Any CPU.Build.0 = Debug|Any CPU
		{5F3ADEA5-A88D-4BE6-AFA6-D8BBEDD88EC9}.Release|Any CPU.ActiveCfg = Release|Any CPU
		{5F3ADEA5-A88D-4BE6-AFA6-D8BBEDD88EC9}.Release|Any CPU.Build.0 = Release|Any CPU
	EndGlobalSection
	GlobalSection(SolutionProperties) = preSolution
		HideSolutionNode = FALSE
	EndGlobalSection
	GlobalSection(ExtensibilityGlobals) = postSolution
		SolutionGuid = {E65CD3D8-6B5D-4415-AF40-FD01A0D257C9}
	EndGlobalSection
EndGlobal
